
Microsoft Visual Studio Solution File, Format Version 12.00
# Visual Studio Version 17
VisualStudioVersion = 17.11.35327.3
MinimumVisualStudioVersion = 10.0.40219.1
Project("{8BC9CEB8-8B4A-11D0-8D11-00A0C91BC942}") = "projekt_wm", "projekt_wm.vcxproj", "{68B0B1D7-9D21-4AA6-94E3-EACF8CC91CF6}"
EndProject
Global
	GlobalSection(SolutionConfigurationPlatforms) = preSolution
		Debug|x64 = Debug|x64
		Debug|x86 = Debug|x86
		Release|x64 = Release|x64
		Release|x86 = Release|x86
	EndGlobalSection
	GlobalSection(ProjectConfigurationPlatforms) = postSolution
		{68B0B1D7-9D21-4AA6-94E3-EACF8CC91CF6}.Debug|x64.ActiveCfg = Debug|x64
		{68B0B1D7-9D21-4AA6-94E3-EACF8CC91CF6}.Debug|x64.Build.0 = Debug|x64
		{68B0B1D7-9D21-4AA6-94E3-EACF8CC91CF6}.Debug|x86.ActiveCfg = Debug|Win32
		{68B0B1D7-9D21-4AA6-94E3-EACF8CC91CF6}.Debug|x86.Build.0 = Debug|Win32
		{68B0B1D7-9D21-4AA6-94E3-EACF8CC91CF6}.Release|x64.ActiveCfg = Release|x64
		{68B0B1D7-9D21-4AA6-94E3-EACF8CC91CF6}.Release|x64.Build.0 = Release|x64
		{68B0B1D7-9D21-4AA6-94E3-EACF8CC91CF6}.Release|x86.ActiveCfg = Release|Win32
		{68B0B1D7-9D21-4AA6-94E3-EACF8CC91CF6}.Release|x86.Build.0 = Release|Win32
	EndGlobalSection
	GlobalSection(SolutionProperties) = preSolution
		HideSolutionNode = FALSE
	EndGlobalSection
	GlobalSection(ExtensibilityGlobals) = postSolution
		SolutionGuid = {356ADE5B-6FC8-4BA2-957F-9279C13DC221}
	EndGlobalSection
EndGlobal
